
Microsoft Visual Studio Solution File, Format Version 12.00
# Visual Studio Version 16
VisualStudioVersion = 16.0.30804.86
MinimumVisualStudioVersion = 10.0.40219.1
Project("{FAE04EC0-301F-11D3-BF4B-00C04F79EFBC}") = "Brainfinity.API", "Brainfinity.API\Brainfinity.API.csproj", "{B1F9526C-5CA6-4597-8E44-CB6CA49CD059}"
EndProject
Global
	GlobalSection(SolutionConfigurationPlatforms) = preSolution
		Debug|Any CPU = Debug|Any CPU
		Release|Any CPU = Release|Any CPU
	EndGlobalSection
	GlobalSection(ProjectConfigurationPlatforms) = postSolution
		{B1F9526C-5CA6-4597-8E44-CB6CA49CD059}.Debug|Any CPU.ActiveCfg = Debug|Any CPU
		{B1F9526C-5CA6-4597-8E44-CB6CA49CD059}.Debug|Any CPU.Build.0 = Debug|Any CPU
		{B1F9526C-5CA6-4597-8E44-CB6CA49CD059}.Release|Any CPU.ActiveCfg = Release|Any CPU
		{B1F9526C-5CA6-4597-8E44-CB6CA49CD059}.Release|Any CPU.Build.0 = Release|Any CPU
	EndGlobalSection
	GlobalSection(SolutionProperties) = preSolution
		HideSolutionNode = FALSE
	EndGlobalSection
	GlobalSection(ExtensibilityGlobals) = postSolution
		SolutionGuid = {86922271-7343-4BFC-875A-E8BFB08F8C52}
	EndGlobalSection
EndGlobal
